
Microsoft Visual Studio Solution File, Format Version 12.00
# Visual Studio 14
VisualStudioVersion = 14.0.25420.1
MinimumVisualStudioVersion = 10.0.40219.1
Project("{FAE04EC0-301F-11D3-BF4B-00C04F79EFBC}") = "CMS", "CMS\CMS.csproj", "{B66DDE47-E93C-4A92-B0F2-E8A00E9435F9}"
EndProject
Project("{FAE04EC0-301F-11D3-BF4B-00C04F79EFBC}") = "Viralme", "Viralme\Viralme.csproj", "{D288483C-B256-428F-BF0A-E75B16823D7C}"
EndProject
Project("{FAE04EC0-301F-11D3-BF4B-00C04F79EFBC}") = "AccessManagementService", "..\..\accessservice\access\AccessManagementService.csproj", "{3B63C4E8-D047-404D-9727-0C3E44E1B8D5}"
EndProject
Project("{FAE04EC0-301F-11D3-BF4B-00C04F79EFBC}") = "WebUtility", "..\..\WebUtility_v2\WebUtility.csproj", "{D78F6BDC-6D1C-4511-ADD2-44B116D77CD8}"
EndProject
Global
	GlobalSection(SolutionConfigurationPlatforms) = preSolution
		Debug|Any CPU = Debug|Any CPU
		Debug|Mixed Platforms = Debug|Mixed Platforms
		Debug|x64 = Debug|x64
		Debug|x86 = Debug|x86
		Release|Any CPU = Release|Any CPU
		Release|Mixed Platforms = Release|Mixed Platforms
		Release|x64 = Release|x64
		Release|x86 = Release|x86
	EndGlobalSection
	GlobalSection(ProjectConfigurationPlatforms) = postSolution
		{B66DDE47-E93C-4A92-B0F2-E8A00E9435F9}.Debug|Any CPU.ActiveCfg = Debug|Any CPU
		{B66DDE47-E93C-4A92-B0F2-E8A00E9435F9}.Debug|Any CPU.Build.0 = Debug|Any CPU
		{B66DDE47-E93C-4A92-B0F2-E8A00E9435F9}.Debug|Mixed Platforms.ActiveCfg = Debug|Any CPU
		{B66DDE47-E93C-4A92-B0F2-E8A00E9435F9}.Debug|Mixed Platforms.Build.0 = Debug|Any CPU
		{B66DDE47-E93C-4A92-B0F2-E8A00E9435F9}.Debug|x64.ActiveCfg = Debug|Any CPU
		{B66DDE47-E93C-4A92-B0F2-E8A00E9435F9}.Debug|x64.Build.0 = Debug|Any CPU
		{B66DDE47-E93C-4A92-B0F2-E8A00E9435F9}.Debug|x86.ActiveCfg = Debug|Any CPU
		{B66DDE47-E93C-4A92-B0F2-E8A00E9435F9}.Debug|x86.Build.0 = Debug|Any CPU
		{B66DDE47-E93C-4A92-B0F2-E8A00E9435F9}.Release|Any CPU.ActiveCfg = Release|Any CPU
		{B66DDE47-E93C-4A92-B0F2-E8A00E9435F9}.Release|Any CPU.Build.0 = Release|Any CPU
		{B66DDE47-E93C-4A92-B0F2-E8A00E9435F9}.Release|Mixed Platforms.ActiveCfg = Release|Any CPU
		{B66DDE47-E93C-4A92-B0F2-E8A00E9435F9}.Release|Mixed Platforms.Build.0 = Release|Any CPU
		{B66DDE47-E93C-4A92-B0F2-E8A00E9435F9}.Release|x64.ActiveCfg = Release|x64
		{B66DDE47-E93C-4A92-B0F2-E8A00E9435F9}.Release|x64.Build.0 = Release|x64
		{B66DDE47-E93C-4A92-B0F2-E8A00E9435F9}.Release|x86.ActiveCfg = Release|Any CPU
		{B66DDE47-E93C-4A92-B0F2-E8A00E9435F9}.Release|x86.Build.0 = Release|Any CPU
		{D288483C-B256-428F-BF0A-E75B16823D7C}.Debug|Any CPU.ActiveCfg = Debug|Any CPU
		{D288483C-B256-428F-BF0A-E75B16823D7C}.Debug|Any CPU.Build.0 = Debug|Any CPU
		{D288483C-B256-428F-BF0A-E75B16823D7C}.Debug|Mixed Platforms.ActiveCfg = Debug|Any CPU
		{D288483C-B256-428F-BF0A-E75B16823D7C}.Debug|Mixed Platforms.Build.0 = Debug|Any CPU
		{D288483C-B256-428F-BF0A-E75B16823D7C}.Debug|x64.ActiveCfg = Debug|Any CPU
		{D288483C-B256-428F-BF0A-E75B16823D7C}.Debug|x86.ActiveCfg = Debug|Any CPU
		{D288483C-B256-428F-BF0A-E75B16823D7C}.Debug|x86.Build.0 = Debug|Any CPU
		{D288483C-B256-428F-BF0A-E75B16823D7C}.Release|Any CPU.ActiveCfg = Release|Any CPU
		{D288483C-B256-428F-BF0A-E75B16823D7C}.Release|Any CPU.Build.0 = Release|Any CPU
		{D288483C-B256-428F-BF0A-E75B16823D7C}.Release|Mixed Platforms.ActiveCfg = Release|Any CPU
		{D288483C-B256-428F-BF0A-E75B16823D7C}.Release|Mixed Platforms.Build.0 = Release|Any CPU
		{D288483C-B256-428F-BF0A-E75B16823D7C}.Release|x64.ActiveCfg = Release|Any CPU
		{D288483C-B256-428F-BF0A-E75B16823D7C}.Release|x86.ActiveCfg = Release|Any CPU
		{D288483C-B256-428F-BF0A-E75B16823D7C}.Release|x86.Build.0 = Release|Any CPU
		{3B63C4E8-D047-404D-9727-0C3E44E1B8D5}.Debug|Any CPU.ActiveCfg = Debug|Any CPU
		{3B63C4E8-D047-404D-9727-0C3E44E1B8D5}.Debug|Any CPU.Build.0 = Debug|Any CPU
		{3B63C4E8-D047-404D-9727-0C3E44E1B8D5}.Debug|Mixed Platforms.ActiveCfg = Debug|Any CPU
		{3B63C4E8-D047-404D-9727-0C3E44E1B8D5}.Debug|Mixed Platforms.Build.0 = Debug|Any CPU
		{3B63C4E8-D047-404D-9727-0C3E44E1B8D5}.Debug|x64.ActiveCfg = Debug|x64
		{3B63C4E8-D047-404D-9727-0C3E44E1B8D5}.Debug|x64.Build.0 = Debug|x64
		{3B63C4E8-D047-404D-9727-0C3E44E1B8D5}.Debug|x86.ActiveCfg = Debug|x86
		{3B63C4E8-D047-404D-9727-0C3E44E1B8D5}.Debug|x86.Build.0 = Debug|x86
		{3B63C4E8-D047-404D-9727-0C3E44E1B8D5}.Release|Any CPU.ActiveCfg = Release|Any CPU
		{3B63C4E8-D047-404D-9727-0C3E44E1B8D5}.Release|Any CPU.Build.0 = Release|Any CPU
		{3B63C4E8-D047-404D-9727-0C3E44E1B8D5}.Release|Mixed Platforms.ActiveCfg = Release|x86
		{3B63C4E8-D047-404D-9727-0C3E44E1B8D5}.Release|Mixed Platforms.Build.0 = Release|x86
		{3B63C4E8-D047-404D-9727-0C3E44E1B8D5}.Release|x64.ActiveCfg = Release|x64
		{3B63C4E8-D047-404D-9727-0C3E44E1B8D5}.Release|x64.Build.0 = Release|x64
		{3B63C4E8-D047-404D-9727-0C3E44E1B8D5}.Release|x86.ActiveCfg = Release|x86
		{3B63C4E8-D047-404D-9727-0C3E44E1B8D5}.Release|x86.Build.0 = Release|x86
		{D78F6BDC-6D1C-4511-ADD2-44B116D77CD8}.Debug|Any CPU.ActiveCfg = Debug|Any CPU
		{D78F6BDC-6D1C-4511-ADD2-44B116D77CD8}.Debug|Any CPU.Build.0 = Debug|Any CPU
		{D78F6BDC-6D1C-4511-ADD2-44B116D77CD8}.Debug|Mixed Platforms.ActiveCfg = Debug|Any CPU
		{D78F6BDC-6D1C-4511-ADD2-44B116D77CD8}.Debug|Mixed Platforms.Build.0 = Debug|Any CPU
		{D78F6BDC-6D1C-4511-ADD2-44B116D77CD8}.Debug|x64.ActiveCfg = Debug|Any CPU
		{D78F6BDC-6D1C-4511-ADD2-44B116D77CD8}.Debug|x64.Build.0 = Debug|Any CPU
		{D78F6BDC-6D1C-4511-ADD2-44B116D77CD8}.Debug|x86.ActiveCfg = Debug|Any CPU
		{D78F6BDC-6D1C-4511-ADD2-44B116D77CD8}.Debug|x86.Build.0 = Debug|Any CPU
		{D78F6BDC-6D1C-4511-ADD2-44B116D77CD8}.Release|Any CPU.ActiveCfg = Release|Any CPU
		{D78F6BDC-6D1C-4511-ADD2-44B116D77CD8}.Release|Any CPU.Build.0 = Release|Any CPU
		{D78F6BDC-6D1C-4511-ADD2-44B116D77CD8}.Release|Mixed Platforms.ActiveCfg = Release|Any CPU
		{D78F6BDC-6D1C-4511-ADD2-44B116D77CD8}.Release|Mixed Platforms.Build.0 = Release|Any CPU
		{D78F6BDC-6D1C-4511-ADD2-44B116D77CD8}.Release|x64.ActiveCfg = Release|Any CPU
		{D78F6BDC-6D1C-4511-ADD2-44B116D77CD8}.Release|x64.Build.0 = Release|Any CPU
		{D78F6BDC-6D1C-4511-ADD2-44B116D77CD8}.Release|x86.ActiveCfg = Release|Any CPU
		{D78F6BDC-6D1C-4511-ADD2-44B116D77CD8}.Release|x86.Build.0 = Release|Any CPU
	EndGlobalSection
	GlobalSection(SolutionProperties) = preSolution
		HideSolutionNode = FALSE
	EndGlobalSection
EndGlobal
